
Microsoft Visual Studio Solution File, Format Version 12.00
# Visual Studio Version 17
VisualStudioVersion = 17.2.32616.157
MinimumVisualStudioVersion = 10.0.40219.1
Project("{FAE04EC0-301F-11D3-BF4B-00C04F79EFBC}") = "Valid Palindrome", "Valid Palindrome\Valid Palindrome.csproj", "{C1A5D7F4-2456-4227-B893-773F53F5199B}"
EndProject
Project("{FAE04EC0-301F-11D3-BF4B-00C04F79EFBC}") = "Valid Palindrome.Test", "Valid Palindrome.Test\Valid Palindrome.Test.csproj", "{BC30687A-3779-448F-8F07-D55828C94DDD}"
EndProject
Global
	GlobalSection(SolutionConfigurationPlatforms) = preSolution
		Debug|Any CPU = Debug|Any CPU
		Release|Any CPU = Release|Any CPU
	EndGlobalSection
	GlobalSection(ProjectConfigurationPlatforms) = postSolution
		{C1A5D7F4-2456-4227-B893-773F53F5199B}.Debug|Any CPU.ActiveCfg = Debug|Any CPU
		{C1A5D7F4-2456-4227-B893-773F53F5199B}.Debug|Any CPU.Build.0 = Debug|Any CPU
		{C1A5D7F4-2456-4227-B893-773F53F5199B}.Release|Any CPU.ActiveCfg = Release|Any CPU
		{C1A5D7F4-2456-4227-B893-773F53F5199B}.Release|Any CPU.Build.0 = Release|Any CPU
		{BC30687A-3779-448F-8F07-D55828C94DDD}.Debug|Any CPU.ActiveCfg = Debug|Any CPU
		{BC30687A-3779-448F-8F07-D55828C94DDD}.Debug|Any CPU.Build.0 = Debug|Any CPU
		{BC30687A-3779-448F-8F07-D55828C94DDD}.Release|Any CPU.ActiveCfg = Release|Any CPU
		{BC30687A-3779-448F-8F07-D55828C94DDD}.Release|Any CPU.Build.0 = Release|Any CPU
	EndGlobalSection
	GlobalSection(SolutionProperties) = preSolution
		HideSolutionNode = FALSE
	EndGlobalSection
	GlobalSection(ExtensibilityGlobals) = postSolution
		SolutionGuid = {4884770F-C67D-43C6-BDC8-DA12CF454DF8}
	EndGlobalSection
EndGlobal
